{
  "name": "chat-js",
  "version": "1.0.0",
  "lockfileVersion": 3,
  "requires": true,
  "packages": {
    "": {
      "name": "chat-js",
      "version": "1.0.0",
      "license": "ISC",
      "dependencies": {
        "typescript": "^5.2.2"
      },
      "devDependencies": {
        "@types/node": "^20.6.2"
      }
    },
    "node_modules/@types/node": {
      "version": "20.6.2",
      "dev": true,
      "license": "MIT"
    },
    "node_modules/typescript": {
      "version": "5.2.2",
      "license": "Apache-2.0",
      "bin": {
        "tsc": "bin/tsc",
        "tsserver": "bin/tsserver"
      },
      "engines": {
        "node": ">=14.17"
      }
    }
  }
}
